
Microsoft Visual Studio Solution File, Format Version 11.00
# Visual Studio 2010
Project("{FAE04EC0-301F-11D3-BF4B-00C04F79EFBC}") = "AutoMocker", "AutoMocker\AutoMocker.csproj", "{FB991A6A-949E-4C0C-B35B-53C669E4CBC5}"
EndProject
Project("{FAE04EC0-301F-11D3-BF4B-00C04F79EFBC}") = "AutoMocker.Specs", "AutoMocker.Specs\AutoMocker.Specs.csproj", "{41925A19-39BF-4889-99F5-83FF77FE16F5}"
EndProject
Global
	GlobalSection(SolutionConfigurationPlatforms) = preSolution
		Debug|Any CPU = Debug|Any CPU
		Release|Any CPU = Release|Any CPU
	EndGlobalSection
	GlobalSection(ProjectConfigurationPlatforms) = postSolution
		{FB991A6A-949E-4C0C-B35B-53C669E4CBC5}.Debug|Any CPU.ActiveCfg = Debug|Any CPU
		{FB991A6A-949E-4C0C-B35B-53C669E4CBC5}.Debug|Any CPU.Build.0 = Debug|Any CPU
		{FB991A6A-949E-4C0C-B35B-53C669E4CBC5}.Release|Any CPU.ActiveCfg = Release|Any CPU
		{FB991A6A-949E-4C0C-B35B-53C669E4CBC5}.Release|Any CPU.Build.0 = Release|Any CPU
		{41925A19-39BF-4889-99F5-83FF77FE16F5}.Debug|Any CPU.ActiveCfg = Debug|Any CPU
		{41925A19-39BF-4889-99F5-83FF77FE16F5}.Debug|Any CPU.Build.0 = Debug|Any CPU
		{41925A19-39BF-4889-99F5-83FF77FE16F5}.Release|Any CPU.ActiveCfg = Release|Any CPU
		{41925A19-39BF-4889-99F5-83FF77FE16F5}.Release|Any CPU.Build.0 = Release|Any CPU
	EndGlobalSection
	GlobalSection(SolutionProperties) = preSolution
		HideSolutionNode = FALSE
	EndGlobalSection
EndGlobal
